// !$*UTF8*$!
{
	archiveVersion = 1;
	classes = {
	};
	objectVersion = 63;
	objects = {

/* Begin PBXBuildFile section */
		663C1D8E2C9DA6CD00B8F2E3 /* ImageLoader.swift in Sources */ = {isa = PBXBuildFile; fileRef = 663C1D8D2C9DA6CD00B8F2E3 /* ImageLoader.swift */; };
		663C1D902C9DAF6100B8F2E3 /* UIImageView+Internal.swift in Sources */ = {isa = PBXBuildFile; fileRef = 663C1D8F2C9DAF6100B8F2E3 /* UIImageView+Internal.swift */; };
		663C1D922C9DB1E800B8F2E3 /* ImageLoadingError.swift in Sources */ = {isa = PBXBuildFile; fileRef = 663C1D912C9DB1E800B8F2E3 /* ImageLoadingError.swift */; };
		666CD18A2C9BEE13007DB39A /* SearchMusicViewController.swift in Sources */ = {isa = PBXBuildFile; fileRef = 666CD1892C9BEE13007DB39A /* SearchMusicViewController.swift */; };
		666CD18C2C9BF545007DB39A /* TrackDto.swift in Sources */ = {isa = PBXBuildFile; fileRef = 666CD18B2C9BF545007DB39A /* TrackDto.swift */; };
		666CD18E2C9C004D007DB39A /* SearchMusicInteractor.swift in Sources */ = {isa = PBXBuildFile; fileRef = 666CD18D2C9C004D007DB39A /* SearchMusicInteractor.swift */; };
		666CD1902C9C016D007DB39A /* TrackListDto.swift in Sources */ = {isa = PBXBuildFile; fileRef = 666CD18F2C9C016D007DB39A /* TrackListDto.swift */; };
		666CD1922C9C01DD007DB39A /* SearchMusicPresenter.swift in Sources */ = {isa = PBXBuildFile; fileRef = 666CD1912C9C01DD007DB39A /* SearchMusicPresenter.swift */; };
		666CD1952C9C0D89007DB39A /* NetworkService.swift in Sources */ = {isa = PBXBuildFile; fileRef = 666CD1942C9C0D89007DB39A /* NetworkService.swift */; };
		666CD19C2C9C1277007DB39A /* RequestError.swift in Sources */ = {isa = PBXBuildFile; fileRef = 666CD19B2C9C1277007DB39A /* RequestError.swift */; };
		666CD19F2C9C188A007DB39A /* Request.swift in Sources */ = {isa = PBXBuildFile; fileRef = 666CD19E2C9C188A007DB39A /* Request.swift */; };
		667046BA2C99B90F00D02583 /* AppDelegate.swift in Sources */ = {isa = PBXBuildFile; fileRef = 667046B92C99B90F00D02583 /* AppDelegate.swift */; };
		667046BC2C99B90F00D02583 /* SceneDelegate.swift in Sources */ = {isa = PBXBuildFile; fileRef = 667046BB2C99B90F00D02583 /* SceneDelegate.swift */; };
		667046C32C99B91000D02583 /* app.xcassets in Resources */ = {isa = PBXBuildFile; fileRef = 667046C22C99B91000D02583 /* app.xcassets */; };
		6692CBEE2C9C7BE100E0435A /* NetworkFetcher.swift in Sources */ = {isa = PBXBuildFile; fileRef = 6692CBED2C9C7BE100E0435A /* NetworkFetcher.swift */; };
		6692CBF32C9C9C5A00E0435A /* TrackList.swift in Sources */ = {isa = PBXBuildFile; fileRef = 6692CBF22C9C9C5A00E0435A /* TrackList.swift */; };
		6692CBF52C9C9C7200E0435A /* Track.swift in Sources */ = {isa = PBXBuildFile; fileRef = 6692CBF42C9C9C7200E0435A /* Track.swift */; };
		6692CBF72C9CB11200E0435A /* RequestMethod.swift in Sources */ = {isa = PBXBuildFile; fileRef = 6692CBF62C9CB11200E0435A /* RequestMethod.swift */; };
		6692CBFA2C9CB6FE00E0435A /* Configurable.swift in Sources */ = {isa = PBXBuildFile; fileRef = 6692CBF92C9CB6FE00E0435A /* Configurable.swift */; };
		6692CBFC2C9CB76600E0435A /* SearchMusicViewCell.swift in Sources */ = {isa = PBXBuildFile; fileRef = 6692CBFB2C9CB76600E0435A /* SearchMusicViewCell.swift */; };
		6692CBFF2C9CB80400E0435A /* String+Image.swift in Sources */ = {isa = PBXBuildFile; fileRef = 6692CBFE2C9CB80400E0435A /* String+Image.swift */; };
		6692CC012C9CB81C00E0435A /* String+Color.swift in Sources */ = {isa = PBXBuildFile; fileRef = 6692CC002C9CB81C00E0435A /* String+Color.swift */; };
		6692CC032C9CB8E500E0435A /* SearchMusicViewCellModel.swift in Sources */ = {isa = PBXBuildFile; fileRef = 6692CC022C9CB8E500E0435A /* SearchMusicViewCellModel.swift */; };
		6692CC052C9CBCE300E0435A /* UIViewController+Internal.swift in Sources */ = {isa = PBXBuildFile; fileRef = 6692CC042C9CBCE300E0435A /* UIViewController+Internal.swift */; };
		66DA78002C9D76870068D28F /* images.xcassets in Resources */ = {isa = PBXBuildFile; fileRef = 66DA77FF2C9D76870068D28F /* images.xcassets */; };
/* End PBXBuildFile section */

/* Begin PBXFileReference section */
		663C1D8D2C9DA6CD00B8F2E3 /* ImageLoader.swift */ = {isa = PBXFileReference; lastKnownFileType = sourcecode.swift; path = ImageLoader.swift; sourceTree = "<group>"; };
		663C1D8F2C9DAF6100B8F2E3 /* UIImageView+Internal.swift */ = {isa = PBXFileReference; lastKnownFileType = sourcecode.swift; path = "UIImageView+Internal.swift"; sourceTree = "<group>"; };
		663C1D912C9DB1E800B8F2E3 /* ImageLoadingError.swift */ = {isa = PBXFileReference; lastKnownFileType = sourcecode.swift; path = ImageLoadingError.swift; sourceTree = "<group>"; };
		666CD1892C9BEE13007DB39A /* SearchMusicViewController.swift */ = {isa = PBXFileReference; lastKnownFileType = sourcecode.swift; path = SearchMusicViewController.swift; sourceTree = "<group>"; };
		666CD18B2C9BF545007DB39A /* TrackDto.swift */ = {isa = PBXFileReference; lastKnownFileType = sourcecode.swift; path = TrackDto.swift; sourceTree = "<group>"; };
		666CD18D2C9C004D007DB39A /* SearchMusicInteractor.swift */ = {isa = PBXFileReference; lastKnownFileType = sourcecode.swift; path = SearchMusicInteractor.swift; sourceTree = "<group>"; };
		666CD18F2C9C016D007DB39A /* TrackListDto.swift */ = {isa = PBXFileReference; lastKnownFileType = sourcecode.swift; path = TrackListDto.swift; sourceTree = "<group>"; };
		666CD1912C9C01DD007DB39A /* SearchMusicPresenter.swift */ = {isa = PBXFileReference; lastKnownFileType = sourcecode.swift; path = SearchMusicPresenter.swift; sourceTree = "<group>"; };
		666CD1942C9C0D89007DB39A /* NetworkService.swift */ = {isa = PBXFileReference; lastKnownFileType = sourcecode.swift; path = NetworkService.swift; sourceTree = "<group>"; };
		666CD19B2C9C1277007DB39A /* RequestError.swift */ = {isa = PBXFileReference; lastKnownFileType = sourcecode.swift; path = RequestError.swift; sourceTree = "<group>"; };
		666CD19E2C9C188A007DB39A /* Request.swift */ = {isa = PBXFileReference; lastKnownFileType = sourcecode.swift; path = Request.swift; sourceTree = "<group>"; };
		667046B62C99B90F00D02583 /* iMusic.app */ = {isa = PBXFileReference; explicitFileType = wrapper.application; includeInIndex = 0; path = iMusic.app; sourceTree = BUILT_PRODUCTS_DIR; };
		667046B92C99B90F00D02583 /* AppDelegate.swift */ = {isa = PBXFileReference; lastKnownFileType = sourcecode.swift; path = AppDelegate.swift; sourceTree = "<group>"; };
		667046BB2C99B90F00D02583 /* SceneDelegate.swift */ = {isa = PBXFileReference; lastKnownFileType = sourcecode.swift; path = SceneDelegate.swift; sourceTree = "<group>"; };
		667046C22C99B91000D02583 /* app.xcassets */ = {isa = PBXFileReference; lastKnownFileType = folder.assetcatalog; path = app.xcassets; sourceTree = "<group>"; };
		667046C72C99B91000D02583 /* Info.plist */ = {isa = PBXFileReference; lastKnownFileType = text.plist.xml; path = Info.plist; sourceTree = "<group>"; };
		6692CBED2C9C7BE100E0435A /* NetworkFetcher.swift */ = {isa = PBXFileReference; lastKnownFileType = sourcecode.swift; path = NetworkFetcher.swift; sourceTree = "<group>"; };
		6692CBF22C9C9C5A00E0435A /* TrackList.swift */ = {isa = PBXFileReference; lastKnownFileType = sourcecode.swift; path = TrackList.swift; sourceTree = "<group>"; };
		6692CBF42C9C9C7200E0435A /* Track.swift */ = {isa = PBXFileReference; lastKnownFileType = sourcecode.swift; path = Track.swift; sourceTree = "<group>"; };
		6692CBF62C9CB11200E0435A /* RequestMethod.swift */ = {isa = PBXFileReference; lastKnownFileType = sourcecode.swift; path = RequestMethod.swift; sourceTree = "<group>"; };
		6692CBF92C9CB6FE00E0435A /* Configurable.swift */ = {isa = PBXFileReference; lastKnownFileType = sourcecode.swift; path = Configurable.swift; sourceTree = "<group>"; };
		6692CBFB2C9CB76600E0435A /* SearchMusicViewCell.swift */ = {isa = PBXFileReference; lastKnownFileType = sourcecode.swift; path = SearchMusicViewCell.swift; sourceTree = "<group>"; };
		6692CBFE2C9CB80400E0435A /* String+Image.swift */ = {isa = PBXFileReference; lastKnownFileType = sourcecode.swift; path = "String+Image.swift"; sourceTree = "<group>"; };
		6692CC002C9CB81C00E0435A /* String+Color.swift */ = {isa = PBXFileReference; lastKnownFileType = sourcecode.swift; path = "String+Color.swift"; sourceTree = "<group>"; };
		6692CC022C9CB8E500E0435A /* SearchMusicViewCellModel.swift */ = {isa = PBXFileReference; lastKnownFileType = sourcecode.swift; path = SearchMusicViewCellModel.swift; sourceTree = "<group>"; };
		6692CC042C9CBCE300E0435A /* UIViewController+Internal.swift */ = {isa = PBXFileReference; lastKnownFileType = sourcecode.swift; path = "UIViewController+Internal.swift"; sourceTree = "<group>"; };
		66DA77FF2C9D76870068D28F /* images.xcassets */ = {isa = PBXFileReference; lastKnownFileType = folder.assetcatalog; path = images.xcassets; sourceTree = "<group>"; };
/* End PBXFileReference section */

/* Begin PBXFrameworksBuildPhase section */
		667046B32C99B90F00D02583 /* Frameworks */ = {
			isa = PBXFrameworksBuildPhase;
			buildActionMask = 2147483647;
			files = (
			);
			runOnlyForDeploymentPostprocessing = 0;
		};
/* End PBXFrameworksBuildPhase section */

/* Begin PBXGroup section */
		663C1D8C2C9DA6B500B8F2E3 /* ImageLoader */ = {
			isa = PBXGroup;
			children = (
				663C1D8D2C9DA6CD00B8F2E3 /* ImageLoader.swift */,
				663C1D912C9DB1E800B8F2E3 /* ImageLoadingError.swift */,
			);
			path = ImageLoader;
			sourceTree = "<group>";
		};
		666CD1932C9C0A18007DB39A /* Services */ = {
			isa = PBXGroup;
			children = (
				666CD1962C9C106A007DB39A /* NetworkClient */,
				663C1D8C2C9DA6B500B8F2E3 /* ImageLoader */,
			);
			path = Services;
			sourceTree = "<group>";
		};
		666CD1962C9C106A007DB39A /* NetworkClient */ = {
			isa = PBXGroup;
			children = (
				6692CBEF2C9C7BEC00E0435A /* NetworkLayer */,
				666CD19D2C9C13C0007DB39A /* Request */,
			);
			path = NetworkClient;
			sourceTree = "<group>";
		};
		666CD19D2C9C13C0007DB39A /* Request */ = {
			isa = PBXGroup;
			children = (
				666CD19E2C9C188A007DB39A /* Request.swift */,
				6692CBF62C9CB11200E0435A /* RequestMethod.swift */,
				666CD19B2C9C1277007DB39A /* RequestError.swift */,
			);
			path = Request;
			sourceTree = "<group>";
		};
		667046AD2C99B90F00D02583 = {
			isa = PBXGroup;
			children = (
				667046B82C99B90F00D02583 /* app */,
				667046B72C99B90F00D02583 /* Products */,
			);
			sourceTree = "<group>";
		};
		667046B72C99B90F00D02583 /* Products */ = {
			isa = PBXGroup;
			children = (
				667046B62C99B90F00D02583 /* iMusic.app */,
			);
			name = Products;
			sourceTree = "<group>";
		};
		667046B82C99B90F00D02583 /* app */ = {
			isa = PBXGroup;
			children = (
				667046D02C99BDB000D02583 /* config */,
				667046CF2C99BD9C00D02583 /* resources */,
				667046D12C99BE0C00D02583 /* sources */,
			);
			path = app;
			sourceTree = "<group>";
		};
		667046CF2C99BD9C00D02583 /* resources */ = {
			isa = PBXGroup;
			children = (
				667046C22C99B91000D02583 /* app.xcassets */,
				66DA77FF2C9D76870068D28F /* images.xcassets */,
			);
			path = resources;
			sourceTree = "<group>";
		};
		667046D02C99BDB000D02583 /* config */ = {
			isa = PBXGroup;
			children = (
				667046C72C99B91000D02583 /* Info.plist */,
			);
			path = config;
			sourceTree = "<group>";
		};
		667046D12C99BE0C00D02583 /* sources */ = {
			isa = PBXGroup;
			children = (
				667046B92C99B90F00D02583 /* AppDelegate.swift */,
				667046BB2C99B90F00D02583 /* SceneDelegate.swift */,
				667046D22C99C67700D02583 /* Main */,
			);
			path = sources;
			sourceTree = "<group>";
		};
		667046D22C99C67700D02583 /* Main */ = {
			isa = PBXGroup;
			children = (
				667046D32C99C69100D02583 /* Scenes */,
				666CD1932C9C0A18007DB39A /* Services */,
				6692CBF82C9CB6EB00E0435A /* Common */,
				6692CBFD2C9CB7DF00E0435A /* Extensions */,
			);
			path = Main;
			sourceTree = "<group>";
		};
		667046D32C99C69100D02583 /* Scenes */ = {
			isa = PBXGroup;
			children = (
				667046D42C99C70600D02583 /* SearchMusic */,
			);
			path = Scenes;
			sourceTree = "<group>";
		};
		667046D42C99C70600D02583 /* SearchMusic */ = {
			isa = PBXGroup;
			children = (
				667046D52C99C71300D02583 /* View */,
				667046D62C99C73500D02583 /* Interactor */,
				667046D72C99C75C00D02583 /* Presenter */,
				667046D82C99C77E00D02583 /* Entity */,
				667046D92C99C78F00D02583 /* Router */,
			);
			path = SearchMusic;
			sourceTree = "<group>";
		};
		667046D52C99C71300D02583 /* View */ = {
			isa = PBXGroup;
			children = (
				6692CBFB2C9CB76600E0435A /* SearchMusicViewCell.swift */,
				6692CC022C9CB8E500E0435A /* SearchMusicViewCellModel.swift */,
				666CD1892C9BEE13007DB39A /* SearchMusicViewController.swift */,
			);
			path = View;
			sourceTree = "<group>";
		};
		667046D62C99C73500D02583 /* Interactor */ = {
			isa = PBXGroup;
			children = (
				666CD18D2C9C004D007DB39A /* SearchMusicInteractor.swift */,
			);
			path = Interactor;
			sourceTree = "<group>";
		};
		667046D72C99C75C00D02583 /* Presenter */ = {
			isa = PBXGroup;
			children = (
				666CD1912C9C01DD007DB39A /* SearchMusicPresenter.swift */,
			);
			path = Presenter;
			sourceTree = "<group>";
		};
		667046D82C99C77E00D02583 /* Entity */ = {
			isa = PBXGroup;
			children = (
				6692CBF12C9C836A00E0435A /* Public */,
				6692CBF02C9C835E00E0435A /* Domain */,
			);
			path = Entity;
			sourceTree = "<group>";
		};
		667046D92C99C78F00D02583 /* Router */ = {
			isa = PBXGroup;
			children = (
			);
			path = Router;
			sourceTree = "<group>";
		};
		6692CBEF2C9C7BEC00E0435A /* NetworkLayer */ = {
			isa = PBXGroup;
			children = (
				666CD1942C9C0D89007DB39A /* NetworkService.swift */,
				6692CBED2C9C7BE100E0435A /* NetworkFetcher.swift */,
			);
			path = NetworkLayer;
			sourceTree = "<group>";
		};
		6692CBF02C9C835E00E0435A /* Domain */ = {
			isa = PBXGroup;
			children = (
				6692CC072C9D41BD00E0435A /* TrackDto */,
			);
			path = Domain;
			sourceTree = "<group>";
		};
		6692CBF12C9C836A00E0435A /* Public */ = {
			isa = PBXGroup;
			children = (
				6692CC062C9D41B300E0435A /* Track */,
			);
			path = Public;
			sourceTree = "<group>";
		};
		6692CBF82C9CB6EB00E0435A /* Common */ = {
			isa = PBXGroup;
			children = (
				6692CBF92C9CB6FE00E0435A /* Configurable.swift */,
			);
			path = Common;
			sourceTree = "<group>";
		};
		6692CBFD2C9CB7DF00E0435A /* Extensions */ = {
			isa = PBXGroup;
			children = (
				6692CBFE2C9CB80400E0435A /* String+Image.swift */,
				6692CC002C9CB81C00E0435A /* String+Color.swift */,
				6692CC042C9CBCE300E0435A /* UIViewController+Internal.swift */,
				663C1D8F2C9DAF6100B8F2E3 /* UIImageView+Internal.swift */,
			);
			path = Extensions;
			sourceTree = "<group>";
		};
		6692CC062C9D41B300E0435A /* Track */ = {
			isa = PBXGroup;
			children = (
				6692CBF42C9C9C7200E0435A /* Track.swift */,
				6692CBF22C9C9C5A00E0435A /* TrackList.swift */,
			);
			path = Track;
			sourceTree = "<group>";
		};
		6692CC072C9D41BD00E0435A /* TrackDto */ = {
			isa = PBXGroup;
			children = (
				666CD18B2C9BF545007DB39A /* TrackDto.swift */,
				666CD18F2C9C016D007DB39A /* TrackListDto.swift */,
			);
			path = TrackDto;
			sourceTree = "<group>";
		};
/* End PBXGroup section */

/* Begin PBXNativeTarget section */
		667046B52C99B90F00D02583 /* iMusic */ = {
			isa = PBXNativeTarget;
			buildConfigurationList = 667046CA2C99B91000D02583 /* Build configuration list for PBXNativeTarget "iMusic" */;
			buildPhases = (
				667046B22C99B90F00D02583 /* Sources */,
				667046B32C99B90F00D02583 /* Frameworks */,
				667046B42C99B90F00D02583 /* Resources */,
			);
			buildRules = (
			);
			dependencies = (
			);
			name = iMusic;
			productName = iMusic;
			productReference = 667046B62C99B90F00D02583 /* iMusic.app */;
			productType = "com.apple.product-type.application";
		};
/* End PBXNativeTarget section */

/* Begin PBXProject section */
		667046AE2C99B90F00D02583 /* Project object */ = {
			isa = PBXProject;
			attributes = {
				BuildIndependentTargetsInParallel = 1;
				LastSwiftUpdateCheck = 1540;
				LastUpgradeCheck = 1540;
				ORGANIZATIONNAME = slemeshaev;
				TargetAttributes = {
					667046B52C99B90F00D02583 = {
						CreatedOnToolsVersion = 15.4;
					};
				};
			};
			buildConfigurationList = 667046B12C99B90F00D02583 /* Build configuration list for PBXProject "iMusic" */;
			compatibilityVersion = "Xcode 15.3";
			developmentRegion = en;
			hasScannedForEncodings = 0;
			knownRegions = (
				en,
				Base,
			);
			mainGroup = 667046AD2C99B90F00D02583;
			productRefGroup = 667046B72C99B90F00D02583 /* Products */;
			projectDirPath = "";
			projectRoot = "";
			targets = (
				667046B52C99B90F00D02583 /* iMusic */,
			);
		};
/* End PBXProject section */

/* Begin PBXResourcesBuildPhase section */
		667046B42C99B90F00D02583 /* Resources */ = {
			isa = PBXResourcesBuildPhase;
			buildActionMask = 2147483647;
			files = (
				667046C32C99B91000D02583 /* app.xcassets in Resources */,
				66DA78002C9D76870068D28F /* images.xcassets in Resources */,
			);
			runOnlyForDeploymentPostprocessing = 0;
		};
/* End PBXResourcesBuildPhase section */

/* Begin PBXSourcesBuildPhase section */
		667046B22C99B90F00D02583 /* Sources */ = {
			isa = PBXSourcesBuildPhase;
			buildActionMask = 2147483647;
			files = (
				6692CBFA2C9CB6FE00E0435A /* Configurable.swift in Sources */,
				666CD19F2C9C188A007DB39A /* Request.swift in Sources */,
				666CD18A2C9BEE13007DB39A /* SearchMusicViewController.swift in Sources */,
				666CD1902C9C016D007DB39A /* TrackListDto.swift in Sources */,
				6692CBF32C9C9C5A00E0435A /* TrackList.swift in Sources */,
				6692CBEE2C9C7BE100E0435A /* NetworkFetcher.swift in Sources */,
				6692CBFC2C9CB76600E0435A /* SearchMusicViewCell.swift in Sources */,
				6692CC052C9CBCE300E0435A /* UIViewController+Internal.swift in Sources */,
				666CD19C2C9C1277007DB39A /* RequestError.swift in Sources */,
				666CD1952C9C0D89007DB39A /* NetworkService.swift in Sources */,
				6692CBFF2C9CB80400E0435A /* String+Image.swift in Sources */,
				666CD18C2C9BF545007DB39A /* TrackDto.swift in Sources */,
				666CD1922C9C01DD007DB39A /* SearchMusicPresenter.swift in Sources */,
				6692CBF72C9CB11200E0435A /* RequestMethod.swift in Sources */,
				663C1D8E2C9DA6CD00B8F2E3 /* ImageLoader.swift in Sources */,
				663C1D902C9DAF6100B8F2E3 /* UIImageView+Internal.swift in Sources */,
				663C1D922C9DB1E800B8F2E3 /* ImageLoadingError.swift in Sources */,
				6692CC032C9CB8E500E0435A /* SearchMusicViewCellModel.swift in Sources */,
				667046BA2C99B90F00D02583 /* AppDelegate.swift in Sources */,
				6692CC012C9CB81C00E0435A /* String+Color.swift in Sources */,
				6692CBF52C9C9C7200E0435A /* Track.swift in Sources */,
				666CD18E2C9C004D007DB39A /* SearchMusicInteractor.swift in Sources */,
				667046BC2C99B90F00D02583 /* SceneDelegate.swift in Sources */,
			);
			runOnlyForDeploymentPostprocessing = 0;
		};
/* End PBXSourcesBuildPhase section */

/* Begin XCBuildConfiguration section */
		667046C82C99B91000D02583 /* Debug */ = {
			isa = XCBuildConfiguration;
			buildSettings = {
				ALWAYS_SEARCH_USER_PATHS = NO;
				ASSETCATALOG_COMPILER_GENERATE_SWIFT_ASSET_SYMBOL_EXTENSIONS = YES;
				CLANG_ANALYZER_NONNULL = YES;
				CLANG_ANALYZER_NUMBER_OBJECT_CONVERSION = YES_AGGRESSIVE;
				CLANG_CXX_LANGUAGE_STANDARD = "gnu++20";
				CLANG_ENABLE_MODULES = YES;
				CLANG_ENABLE_OBJC_ARC = YES;
				CLANG_ENABLE_OBJC_WEAK = YES;
				CLANG_WARN_BLOCK_CAPTURE_AUTORELEASING = YES;
				CLANG_WARN_BOOL_CONVERSION = YES;
				CLANG_WARN_COMMA = YES;
				CLANG_WARN_CONSTANT_CONVERSION = YES;
				CLANG_WARN_DEPRECATED_OBJC_IMPLEMENTATIONS = YES;
				CLANG_WARN_DIRECT_OBJC_ISA_USAGE = YES_ERROR;
				CLANG_WARN_DOCUMENTATION_COMMENTS = YES;
				CLANG_WARN_EMPTY_BODY = YES;
				CLANG_WARN_ENUM_CONVERSION = YES;
				CLANG_WARN_INFINITE_RECURSION = YES;
				CLANG_WARN_INT_CONVERSION = YES;
				CLANG_WARN_NON_LITERAL_NULL_CONVERSION = YES;
				CLANG_WARN_OBJC_IMPLICIT_RETAIN_SELF = YES;
				CLANG_WARN_OBJC_LITERAL_CONVERSION = YES;
				CLANG_WARN_OBJC_ROOT_CLASS = YES_ERROR;
				CLANG_WARN_QUOTED_INCLUDE_IN_FRAMEWORK_HEADER = YES;
				CLANG_WARN_RANGE_LOOP_ANALYSIS = YES;
				CLANG_WARN_STRICT_PROTOTYPES = YES;
				CLANG_WARN_SUSPICIOUS_MOVE = YES;
				CLANG_WARN_UNGUARDED_AVAILABILITY = YES_AGGRESSIVE;
				CLANG_WARN_UNREACHABLE_CODE = YES;
				CLANG_WARN__DUPLICATE_METHOD_MATCH = YES;
				COPY_PHASE_STRIP = NO;
				DEBUG_INFORMATION_FORMAT = dwarf;
				ENABLE_STRICT_OBJC_MSGSEND = YES;
				ENABLE_TESTABILITY = YES;
				ENABLE_USER_SCRIPT_SANDBOXING = YES;
				GCC_C_LANGUAGE_STANDARD = gnu17;
				GCC_DYNAMIC_NO_PIC = NO;
				GCC_NO_COMMON_BLOCKS = YES;
				GCC_OPTIMIZATION_LEVEL = 0;
				GCC_PREPROCESSOR_DEFINITIONS = (
					"DEBUG=1",
					"$(inherited)",
				);
				GCC_WARN_64_TO_32_BIT_CONVERSION = YES;
				GCC_WARN_ABOUT_RETURN_TYPE = YES_ERROR;
				GCC_WARN_UNDECLARED_SELECTOR = YES;
				GCC_WARN_UNINITIALIZED_AUTOS = YES_AGGRESSIVE;
				GCC_WARN_UNUSED_FUNCTION = YES;
				GCC_WARN_UNUSED_VARIABLE = YES;
				IPHONEOS_DEPLOYMENT_TARGET = 17.5;
				LOCALIZATION_PREFERS_STRING_CATALOGS = YES;
				MTL_ENABLE_DEBUG_INFO = INCLUDE_SOURCE;
				MTL_FAST_MATH = YES;
				ONLY_ACTIVE_ARCH = YES;
				SDKROOT = iphoneos;
				SWIFT_ACTIVE_COMPILATION_CONDITIONS = "DEBUG $(inherited)";
				SWIFT_OPTIMIZATION_LEVEL = "-Onone";
			};
			name = Debug;
		};
		667046C92C99B91000D02583 /* Release */ = {
			isa = XCBuildConfiguration;
			buildSettings = {
				ALWAYS_SEARCH_USER_PATHS = NO;
				ASSETCATALOG_COMPILER_GENERATE_SWIFT_ASSET_SYMBOL_EXTENSIONS = YES;
				CLANG_ANALYZER_NONNULL = YES;
				CLANG_ANALYZER_NUMBER_OBJECT_CONVERSION = YES_AGGRESSIVE;
				CLANG_CXX_LANGUAGE_STANDARD = "gnu++20";
				CLANG_ENABLE_MODULES = YES;
				CLANG_ENABLE_OBJC_ARC = YES;
				CLANG_ENABLE_OBJC_WEAK = YES;
				CLANG_WARN_BLOCK_CAPTURE_AUTORELEASING = YES;
				CLANG_WARN_BOOL_CONVERSION = YES;
				CLANG_WARN_COMMA = YES;
				CLANG_WARN_CONSTANT_CONVERSION = YES;
				CLANG_WARN_DEPRECATED_OBJC_IMPLEMENTATIONS = YES;
				CLANG_WARN_DIRECT_OBJC_ISA_USAGE = YES_ERROR;
				CLANG_WARN_DOCUMENTATION_COMMENTS = YES;
				CLANG_WARN_EMPTY_BODY = YES;
				CLANG_WARN_ENUM_CONVERSION = YES;
				CLANG_WARN_INFINITE_RECURSION = YES;
				CLANG_WARN_INT_CONVERSION = YES;
				CLANG_WARN_NON_LITERAL_NULL_CONVERSION = YES;
				CLANG_WARN_OBJC_IMPLICIT_RETAIN_SELF = YES;
				CLANG_WARN_OBJC_LITERAL_CONVERSION = YES;
				CLANG_WARN_OBJC_ROOT_CLASS = YES_ERROR;
				CLANG_WARN_QUOTED_INCLUDE_IN_FRAMEWORK_HEADER = YES;
				CLANG_WARN_RANGE_LOOP_ANALYSIS = YES;
				CLANG_WARN_STRICT_PROTOTYPES = YES;
				CLANG_WARN_SUSPICIOUS_MOVE = YES;
				CLANG_WARN_UNGUARDED_AVAILABILITY = YES_AGGRESSIVE;
				CLANG_WARN_UNREACHABLE_CODE = YES;
				CLANG_WARN__DUPLICATE_METHOD_MATCH = YES;
				COPY_PHASE_STRIP = NO;
				DEBUG_INFORMATION_FORMAT = "dwarf-with-dsym";
				ENABLE_NS_ASSERTIONS = NO;
				ENABLE_STRICT_OBJC_MSGSEND = YES;
				ENABLE_USER_SCRIPT_SANDBOXING = YES;
				GCC_C_LANGUAGE_STANDARD = gnu17;
				GCC_NO_COMMON_BLOCKS = YES;
				GCC_WARN_64_TO_32_BIT_CONVERSION = YES;
				GCC_WARN_ABOUT_RETURN_TYPE = YES_ERROR;
				GCC_WARN_UNDECLARED_SELECTOR = YES;
				GCC_WARN_UNINITIALIZED_AUTOS = YES_AGGRESSIVE;
				GCC_WARN_UNUSED_FUNCTION = YES;
				GCC_WARN_UNUSED_VARIABLE = YES;
				IPHONEOS_DEPLOYMENT_TARGET = 17.5;
				LOCALIZATION_PREFERS_STRING_CATALOGS = YES;
				MTL_ENABLE_DEBUG_INFO = NO;
				MTL_FAST_MATH = YES;
				SDKROOT = iphoneos;
				SWIFT_COMPILATION_MODE = wholemodule;
				VALIDATE_PRODUCT = YES;
			};
			name = Release;
		};
		667046CB2C99B91000D02583 /* Debug */ = {
			isa = XCBuildConfiguration;
			buildSettings = {
				ASSETCATALOG_COMPILER_APPICON_NAME = AppIcon;
				CODE_SIGN_STYLE = Automatic;
				CURRENT_PROJECT_VERSION = 1;
				DEVELOPMENT_TEAM = 5GWB2H668N;
				GENERATE_INFOPLIST_FILE = YES;
				INFOPLIST_FILE = app/config/Info.plist;
				INFOPLIST_KEY_CFBundleDisplayName = iMusic;
				INFOPLIST_KEY_LSApplicationCategoryType = "public.app-category.music";
				INFOPLIST_KEY_UIApplicationSupportsIndirectInputEvents = YES;
				INFOPLIST_KEY_UILaunchStoryboardName = LaunchScreen;
				INFOPLIST_KEY_UISupportedInterfaceOrientations_iPad = "UIInterfaceOrientationPortrait UIInterfaceOrientationPortraitUpsideDown UIInterfaceOrientationLandscapeLeft UIInterfaceOrientationLandscapeRight";
				INFOPLIST_KEY_UISupportedInterfaceOrientations_iPhone = "UIInterfaceOrientationPortrait UIInterfaceOrientationLandscapeLeft UIInterfaceOrientationLandscapeRight";
				IPHONEOS_DEPLOYMENT_TARGET = 17.0;
				LD_RUNPATH_SEARCH_PATHS = (
					"$(inherited)",
					"@executable_path/Frameworks",
				);
				MARKETING_VERSION = 1.0;
				PRODUCT_BUNDLE_IDENTIFIER = slemeshaev.iMusic;
				PRODUCT_NAME = "$(TARGET_NAME)";
				SWIFT_EMIT_LOC_STRINGS = YES;
				SWIFT_VERSION = 5.0;
				TARGETED_DEVICE_FAMILY = "1,2";
			};
			name = Debug;
		};
		667046CC2C99B91000D02583 /* Release */ = {
			isa = XCBuildConfiguration;
			buildSettings = {
				ASSETCATALOG_COMPILER_APPICON_NAME = AppIcon;
				CODE_SIGN_STYLE = Automatic;
				CURRENT_PROJECT_VERSION = 1;
				DEVELOPMENT_TEAM = 5GWB2H668N;
				GENERATE_INFOPLIST_FILE = YES;
				INFOPLIST_FILE = app/config/Info.plist;
				INFOPLIST_KEY_CFBundleDisplayName = iMusic;
				INFOPLIST_KEY_LSApplicationCategoryType = "public.app-category.music";
				INFOPLIST_KEY_UIApplicationSupportsIndirectInputEvents = YES;
				INFOPLIST_KEY_UILaunchStoryboardName = LaunchScreen;
				INFOPLIST_KEY_UISupportedInterfaceOrientations_iPad = "UIInterfaceOrientationPortrait UIInterfaceOrientationPortraitUpsideDown UIInterfaceOrientationLandscapeLeft UIInterfaceOrientationLandscapeRight";
				INFOPLIST_KEY_UISupportedInterfaceOrientations_iPhone = "UIInterfaceOrientationPortrait UIInterfaceOrientationLandscapeLeft UIInterfaceOrientationLandscapeRight";
				IPHONEOS_DEPLOYMENT_TARGET = 17.0;
				LD_RUNPATH_SEARCH_PATHS = (
					"$(inherited)",
					"@executable_path/Frameworks",
				);
				MARKETING_VERSION = 1.0;
				PRODUCT_BUNDLE_IDENTIFIER = slemeshaev.iMusic;
				PRODUCT_NAME = "$(TARGET_NAME)";
				SWIFT_EMIT_LOC_STRINGS = YES;
				SWIFT_VERSION = 5.0;
				TARGETED_DEVICE_FAMILY = "1,2";
			};
			name = Release;
		};
/* End XCBuildConfiguration section */

/* Begin XCConfigurationList section */
		667046B12C99B90F00D02583 /* Build configuration list for PBXProject "iMusic" */ = {
			isa = XCConfigurationList;
			buildConfigurations = (
				667046C82C99B91000D02583 /* Debug */,
				667046C92C99B91000D02583 /* Release */,
			);
			defaultConfigurationIsVisible = 0;
			defaultConfigurationName = Release;
		};
		667046CA2C99B91000D02583 /* Build configuration list for PBXNativeTarget "iMusic" */ = {
			isa = XCConfigurationList;
			buildConfigurations = (
				667046CB2C99B91000D02583 /* Debug */,
				667046CC2C99B91000D02583 /* Release */,
			);
			defaultConfigurationIsVisible = 0;
			defaultConfigurationName = Release;
		};
/* End XCConfigurationList section */
	};
	rootObject = 667046AE2C99B90F00D02583 /* Project object */;
}
